
Microsoft Visual Studio Solution File, Format Version 12.00
# Visual Studio Version 17
VisualStudioVersion = 17.14.36327.8 d17.14
MinimumVisualStudioVersion = 10.0.40219.1
Project("{FAE04EC0-301F-11D3-BF4B-00C04F79EFBC}") = "Onlypães", "Onlypães\Onlypães.csproj", "{26177F93-73BA-460B-9DEA-70EA1C482648}"
EndProject
Global
	GlobalSection(SolutionConfigurationPlatforms) = preSolution
		Debug|Any CPU = Debug|Any CPU
		Release|Any CPU = Release|Any CPU
	EndGlobalSection
	GlobalSection(ProjectConfigurationPlatforms) = postSolution
		{26177F93-73BA-460B-9DEA-70EA1C482648}.Debug|Any CPU.ActiveCfg = Debug|Any CPU
		{26177F93-73BA-460B-9DEA-70EA1C482648}.Debug|Any CPU.Build.0 = Debug|Any CPU
		{26177F93-73BA-460B-9DEA-70EA1C482648}.Release|Any CPU.ActiveCfg = Release|Any CPU
		{26177F93-73BA-460B-9DEA-70EA1C482648}.Release|Any CPU.Build.0 = Release|Any CPU
	EndGlobalSection
	GlobalSection(SolutionProperties) = preSolution
		HideSolutionNode = FALSE
	EndGlobalSection
	GlobalSection(ExtensibilityGlobals) = postSolution
		SolutionGuid = {5CD175BC-765C-4902-A32F-53F74FC9EC03}
	EndGlobalSection
EndGlobal
